Microsoft Visual Studio Solution File, Format Version 11.00
# Visual Studio 2008

Project("{5B6F1B5A-07E4-EC9C-3A75-DD97C2281CB9}") = "the-great-transmuter", "Assembly-CSharp.csproj", "{1C25E6FA-F8DC-7C54-B584-6B7E39DA1220}"
EndProject
Global
	GlobalSection(SolutionConfigurationPlatforms) = preSolution
		Debug|Any CPU = Debug|Any CPU
		Release|Any CPU = Release|Any CPU
	EndGlobalSection
	GlobalSection(ProjectConfigurationPlatforms) = postSolution
		{1C25E6FA-F8DC-7C54-B584-6B7E39DA1220}.Debug|Any CPU.ActiveCfg = Debug|Any CPU
		{1C25E6FA-F8DC-7C54-B584-6B7E39DA1220}.Debug|Any CPU.Build.0 = Debug|Any CPU
		{1C25E6FA-F8DC-7C54-B584-6B7E39DA1220}.Release|Any CPU.ActiveCfg = Release|Any CPU
		{1C25E6FA-F8DC-7C54-B584-6B7E39DA1220}.Release|Any CPU.Build.0 = Release|Any CPU
	EndGlobalSection
	GlobalSection(SolutionProperties) = preSolution
		HideSolutionNode = FALSE
	EndGlobalSection
	GlobalSection(MonoDevelopProperties) = preSolution
		StartupItem = Assembly-CSharp.csproj
	EndGlobalSection
EndGlobal
